
Microsoft Visual Studio Solution File, Format Version 12.00
# Visual Studio Version 17
VisualStudioVersion = 17.0.31903.59
MinimumVisualStudioVersion = 10.0.40219.1
Project("{2150E333-8FDC-42A3-9474-1A3956D46DE8}") = "1-Api", "1-Api", "{D17E0B14-B8F5-4EA5-A7DD-19AA5B74249C}"
EndProject
Project("{FAE04EC0-301F-11D3-BF4B-00C04F79EFBC}") = "ExHangFireWebApi", "src\ExHangFireWebApi\ExHangFireWebApi.csproj", "{3D2B34BD-B415-4D38-B404-10E3A516924D}"
EndProject
Global
	GlobalSection(SolutionConfigurationPlatforms) = preSolution
		Debug|Any CPU = Debug|Any CPU
		Release|Any CPU = Release|Any CPU
	EndGlobalSection
	GlobalSection(ProjectConfigurationPlatforms) = postSolution
		{3D2B34BD-B415-4D38-B404-10E3A516924D}.Debug|Any CPU.ActiveCfg = Debug|Any CPU
		{3D2B34BD-B415-4D38-B404-10E3A516924D}.Debug|Any CPU.Build.0 = Debug|Any CPU
		{3D2B34BD-B415-4D38-B404-10E3A516924D}.Release|Any CPU.ActiveCfg = Release|Any CPU
		{3D2B34BD-B415-4D38-B404-10E3A516924D}.Release|Any CPU.Build.0 = Release|Any CPU
	EndGlobalSection
	GlobalSection(SolutionProperties) = preSolution
		HideSolutionNode = FALSE
	EndGlobalSection
	GlobalSection(NestedProjects) = preSolution
		{3D2B34BD-B415-4D38-B404-10E3A516924D} = {D17E0B14-B8F5-4EA5-A7DD-19AA5B74249C}
	EndGlobalSection
EndGlobal
